// !$*UTF8*$!
{
	archiveVersion = 1;
	classes = {
	};
	objectVersion = 56;
	objects = {

/* Begin PBXBuildFile section */
		182F01392C074D9B00B4F363 /* AppDelegate.swift in Sources */ = {isa = PBXBuildFile; fileRef = 182F01382C074D9B00B4F363 /* AppDelegate.swift */; };
		182F013B2C074D9B00B4F363 /* SceneDelegate.swift in Sources */ = {isa = PBXBuildFile; fileRef = 182F013A2C074D9B00B4F363 /* SceneDelegate.swift */; };
		182F013D2C074D9B00B4F363 /* ViewController.swift in Sources */ = {isa = PBXBuildFile; fileRef = 182F013C2C074D9B00B4F363 /* ViewController.swift */; };
		182F01402C074D9B00B4F363 /* Base in Resources */ = {isa = PBXBuildFile; fileRef = 182F013F2C074D9B00B4F363 /* Base */; };
		182F01422C074D9C00B4F363 /* Assets.xcassets in Resources */ = {isa = PBXBuildFile; fileRef = 182F01412C074D9C00B4F363 /* Assets.xcassets */; };
		182F01452C074D9C00B4F363 /* Base in Resources */ = {isa = PBXBuildFile; fileRef = 182F01442C074D9C00B4F363 /* Base */; };
		187321082C1EE15C00115DED /* VideoGame.swift in Sources */ = {isa = PBXBuildFile; fileRef = 187321072C1EE15C00115DED /* VideoGame.swift */; };
		1873210A2C1EE18800115DED /* PopularGamesView.swift in Sources */ = {isa = PBXBuildFile; fileRef = 187321092C1EE18800115DED /* PopularGamesView.swift */; };
		1873210C2C1F3B4C00115DED /* CrashView.swift in Sources */ = {isa = PBXBuildFile; fileRef = 1873210B2C1F3B4C00115DED /* CrashView.swift */; };
		1873210E2C1F3BAF00115DED /* ForceUnwrappingVew.swift in Sources */ = {isa = PBXBuildFile; fileRef = 1873210D2C1F3BAF00115DED /* ForceUnwrappingVew.swift */; };
		18BB06B82C0751510013C03C /* Utils.swift in Sources */ = {isa = PBXBuildFile; fileRef = 18BB06B72C0751510013C03C /* Utils.swift */; };
/* End PBXBuildFile section */

/* Begin PBXFileReference section */
		182F01352C074D9B00B4F363 /* PRReviewGAI.app */ = {isa = PBXFileReference; explicitFileType = wrapper.application; includeInIndex = 0; path = PRReviewGAI.app; sourceTree = BUILT_PRODUCTS_DIR; };
		182F01382C074D9B00B4F363 /* AppDelegate.swift */ = {isa = PBXFileReference; lastKnownFileType = sourcecode.swift; path = AppDelegate.swift; sourceTree = "<group>"; };
		182F013A2C074D9B00B4F363 /* SceneDelegate.swift */ = {isa = PBXFileReference; lastKnownFileType = sourcecode.swift; path = SceneDelegate.swift; sourceTree = "<group>"; };
		182F013C2C074D9B00B4F363 /* ViewController.swift */ = {isa = PBXFileReference; lastKnownFileType = sourcecode.swift; path = ViewController.swift; sourceTree = "<group>"; };
		182F013F2C074D9B00B4F363 /* Base */ = {isa = PBXFileReference; lastKnownFileType = file.storyboard; name = Base; path = Base.lproj/Main.storyboard; sourceTree = "<group>"; };
		182F01412C074D9C00B4F363 /* Assets.xcassets */ = {isa = PBXFileReference; lastKnownFileType = folder.assetcatalog; path = Assets.xcassets; sourceTree = "<group>"; };
		182F01442C074D9C00B4F363 /* Base */ = {isa = PBXFileReference; lastKnownFileType = file.storyboard; name = Base; path = Base.lproj/LaunchScreen.storyboard; sourceTree = "<group>"; };
		182F01462C074D9C00B4F363 /* Info.plist */ = {isa = PBXFileReference; lastKnownFileType = text.plist.xml; path = Info.plist; sourceTree = "<group>"; };
		187321072C1EE15C00115DED /* VideoGame.swift */ = {isa = PBXFileReference; lastKnownFileType = sourcecode.swift; path = VideoGame.swift; sourceTree = "<group>"; };
		187321092C1EE18800115DED /* PopularGamesView.swift */ = {isa = PBXFileReference; lastKnownFileType = sourcecode.swift; path = PopularGamesView.swift; sourceTree = "<group>"; };
		1873210B2C1F3B4C00115DED /* CrashView.swift */ = {isa = PBXFileReference; lastKnownFileType = sourcecode.swift; path = CrashView.swift; sourceTree = "<group>"; };
		1873210D2C1F3BAF00115DED /* ForceUnwrappingVew.swift */ = {isa = PBXFileReference; lastKnownFileType = sourcecode.swift; path = ForceUnwrappingVew.swift; sourceTree = "<group>"; };
		18BB06B72C0751510013C03C /* Utils.swift */ = {isa = PBXFileReference; lastKnownFileType = sourcecode.swift; path = Utils.swift; sourceTree = "<group>"; };
/* End PBXFileReference section */

/* Begin PBXFrameworksBuildPhase section */
		182F01322C074D9B00B4F363 /* Frameworks */ = {
			isa = PBXFrameworksBuildPhase;
			buildActionMask = 2147483647;
			files = (
			);
			runOnlyForDeploymentPostprocessing = 0;
		};
/* End PBXFrameworksBuildPhase section */

/* Begin PBXGroup section */
		182F012C2C074D9B00B4F363 = {
			isa = PBXGroup;
			children = (
				182F01372C074D9B00B4F363 /* PRReviewGAI */,
				182F01362C074D9B00B4F363 /* Products */,
			);
			sourceTree = "<group>";
		};
		182F01362C074D9B00B4F363 /* Products */ = {
			isa = PBXGroup;
			children = (
				182F01352C074D9B00B4F363 /* PRReviewGAI.app */,
			);
			name = Products;
			sourceTree = "<group>";
		};
		182F01372C074D9B00B4F363 /* PRReviewGAI */ = {
			isa = PBXGroup;
			children = (
				182F01382C074D9B00B4F363 /* AppDelegate.swift */,
				182F013A2C074D9B00B4F363 /* SceneDelegate.swift */,
				182F013C2C074D9B00B4F363 /* ViewController.swift */,
				18BB06B72C0751510013C03C /* Utils.swift */,
				187321072C1EE15C00115DED /* VideoGame.swift */,
				187321092C1EE18800115DED /* PopularGamesView.swift */,
				1873210B2C1F3B4C00115DED /* CrashView.swift */,
				1873210D2C1F3BAF00115DED /* ForceUnwrappingVew.swift */,
				182F013E2C074D9B00B4F363 /* Main.storyboard */,
				182F01412C074D9C00B4F363 /* Assets.xcassets */,
				182F01432C074D9C00B4F363 /* LaunchScreen.storyboard */,
				182F01462C074D9C00B4F363 /* Info.plist */,
			);
			path = PRReviewGAI;
			sourceTree = "<group>";
		};
/* End PBXGroup section */

/* Begin PBXNativeTarget section */
		182F01342C074D9B00B4F363 /* PRReviewGAI */ = {
			isa = PBXNativeTarget;
			buildConfigurationList = 182F01492C074D9C00B4F363 /* Build configuration list for PBXNativeTarget "PRReviewGAI" */;
			buildPhases = (
				182F01312C074D9B00B4F363 /* Sources */,
				182F01322C074D9B00B4F363 /* Frameworks */,
				182F01332C074D9B00B4F363 /* Resources */,
			);
			buildRules = (
			);
			dependencies = (
			);
			name = PRReviewGAI;
			productName = PRReviewGAI;
			productReference = 182F01352C074D9B00B4F363 /* PRReviewGAI.app */;
			productType = "com.apple.product-type.application";
		};
/* End PBXNativeTarget section */

/* Begin PBXProject section */
		182F012D2C074D9B00B4F363 /* Project object */ = {
			isa = PBXProject;
			attributes = {
				BuildIndependentTargetsInParallel = 1;
				LastSwiftUpdateCheck = 1530;
				LastUpgradeCheck = 1530;
				TargetAttributes = {
					182F01342C074D9B00B4F363 = {
						CreatedOnToolsVersion = 15.3;
					};
				};
			};
			buildConfigurationList = 182F01302C074D9B00B4F363 /* Build configuration list for PBXProject "PRReviewGAI" */;
			compatibilityVersion = "Xcode 14.0";
			developmentRegion = en;
			hasScannedForEncodings = 0;
			knownRegions = (
				en,
				Base,
			);
			mainGroup = 182F012C2C074D9B00B4F363;
			productRefGroup = 182F01362C074D9B00B4F363 /* Products */;
			projectDirPath = "";
			projectRoot = "";
			targets = (
				182F01342C074D9B00B4F363 /* PRReviewGAI */,
			);
		};
/* End PBXProject section */

/* Begin PBXResourcesBuildPhase section */
		182F01332C074D9B00B4F363 /* Resources */ = {
			isa = PBXResourcesBuildPhase;
			buildActionMask = 2147483647;
			files = (
				182F01422C074D9C00B4F363 /* Assets.xcassets in Resources */,
				182F01452C074D9C00B4F363 /* Base in Resources */,
				182F01402C074D9B00B4F363 /* Base in Resources */,
			);
			runOnlyForDeploymentPostprocessing = 0;
		};
/* End PBXResourcesBuildPhase section */

/* Begin PBXSourcesBuildPhase section */
		182F01312C074D9B00B4F363 /* Sources */ = {
			isa = PBXSourcesBuildPhase;
			buildActionMask = 2147483647;
			files = (
				182F013D2C074D9B00B4F363 /* ViewController.swift in Sources */,
				1873210C2C1F3B4C00115DED /* CrashView.swift in Sources */,
				187321082C1EE15C00115DED /* VideoGame.swift in Sources */,
				182F01392C074D9B00B4F363 /* AppDelegate.swift in Sources */,
				182F013B2C074D9B00B4F363 /* SceneDelegate.swift in Sources */,
				1873210A2C1EE18800115DED /* PopularGamesView.swift in Sources */,
				18BB06B82C0751510013C03C /* Utils.swift in Sources */,
				1873210E2C1F3BAF00115DED /* ForceUnwrappingVew.swift in Sources */,
			);
			runOnlyForDeploymentPostprocessing = 0;
		};
/* End PBXSourcesBuildPhase section */

/* Begin PBXVariantGroup section */
		182F013E2C074D9B00B4F363 /* Main.storyboard */ = {
			isa = PBXVariantGroup;
			children = (
				182F013F2C074D9B00B4F363 /* Base */,
			);
			name = Main.storyboard;
			sourceTree = "<group>";
		};
		182F01432C074D9C00B4F363 /* LaunchScreen.storyboard */ = {
			isa = PBXVariantGroup;
			children = (
				182F01442C074D9C00B4F363 /* Base */,
			);
			name = LaunchScreen.storyboard;
			sourceTree = "<group>";
		};
/* End PBXVariantGroup section */

/* Begin XCBuildConfiguration section */
		182F01472C074D9C00B4F363 /* Debug */ = {
			isa = XCBuildConfiguration;
			buildSettings = {
				ALWAYS_SEARCH_USER_PATHS = NO;
				ASSETCATALOG_COMPILER_GENERATE_SWIFT_ASSET_SYMBOL_EXTENSIONS = YES;
				CLANG_ANALYZER_NONNULL = YES;
				CLANG_ANALYZER_NUMBER_OBJECT_CONVERSION = YES_AGGRESSIVE;
				CLANG_CXX_LANGUAGE_STANDARD = "gnu++20";
				CLANG_ENABLE_MODULES = YES;
				CLANG_ENABLE_OBJC_ARC = YES;
				CLANG_ENABLE_OBJC_WEAK = YES;
				CLANG_WARN_BLOCK_CAPTURE_AUTORELEASING = YES;
				CLANG_WARN_BOOL_CONVERSION = YES;
				CLANG_WARN_COMMA = YES;
				CLANG_WARN_CONSTANT_CONVERSION = YES;
				CLANG_WARN_DEPRECATED_OBJC_IMPLEMENTATIONS = YES;
				CLANG_WARN_DIRECT_OBJC_ISA_USAGE = YES_ERROR;
				CLANG_WARN_DOCUMENTATION_COMMENTS = YES;
				CLANG_WARN_EMPTY_BODY = YES;
				CLANG_WARN_ENUM_CONVERSION = YES;
				CLANG_WARN_INFINITE_RECURSION = YES;
				CLANG_WARN_INT_CONVERSION = YES;
				CLANG_WARN_NON_LITERAL_NULL_CONVERSION = YES;
				CLANG_WARN_OBJC_IMPLICIT_RETAIN_SELF = YES;
				CLANG_WARN_OBJC_LITERAL_CONVERSION = YES;
				CLANG_WARN_OBJC_ROOT_CLASS = YES_ERROR;
				CLANG_WARN_QUOTED_INCLUDE_IN_FRAMEWORK_HEADER = YES;
				CLANG_WARN_RANGE_LOOP_ANALYSIS = YES;
				CLANG_WARN_STRICT_PROTOTYPES = YES;
				CLANG_WARN_SUSPICIOUS_MOVE = YES;
				CLANG_WARN_UNGUARDED_AVAILABILITY = YES_AGGRESSIVE;
				CLANG_WARN_UNREACHABLE_CODE = YES;
				CLANG_WARN__DUPLICATE_METHOD_MATCH = YES;
				COPY_PHASE_STRIP = NO;
				DEBUG_INFORMATION_FORMAT = dwarf;
				ENABLE_STRICT_OBJC_MSGSEND = YES;
				ENABLE_TESTABILITY = YES;
				ENABLE_USER_SCRIPT_SANDBOXING = YES;
				GCC_C_LANGUAGE_STANDARD = gnu17;
				GCC_DYNAMIC_NO_PIC = NO;
				GCC_NO_COMMON_BLOCKS = YES;
				GCC_OPTIMIZATION_LEVEL = 0;
				GCC_PREPROCESSOR_DEFINITIONS = (
					"DEBUG=1",
					"$(inherited)",
				);
				GCC_WARN_64_TO_32_BIT_CONVERSION = YES;
				GCC_WARN_ABOUT_RETURN_TYPE = YES_ERROR;
				GCC_WARN_UNDECLARED_SELECTOR = YES;
				GCC_WARN_UNINITIALIZED_AUTOS = YES_AGGRESSIVE;
				GCC_WARN_UNUSED_FUNCTION = YES;
				GCC_WARN_UNUSED_VARIABLE = YES;
				IPHONEOS_DEPLOYMENT_TARGET = 17.4;
				LOCALIZATION_PREFERS_STRING_CATALOGS = YES;
				MTL_ENABLE_DEBUG_INFO = INCLUDE_SOURCE;
				MTL_FAST_MATH = YES;
				ONLY_ACTIVE_ARCH = YES;
				SDKROOT = iphoneos;
				SWIFT_ACTIVE_COMPILATION_CONDITIONS = "DEBUG $(inherited)";
				SWIFT_OPTIMIZATION_LEVEL = "-Onone";
			};
			name = Debug;
		};
		182F01482C074D9C00B4F363 /* Release */ = {
			isa = XCBuildConfiguration;
			buildSettings = {
				ALWAYS_SEARCH_USER_PATHS = NO;
				ASSETCATALOG_COMPILER_GENERATE_SWIFT_ASSET_SYMBOL_EXTENSIONS = YES;
				CLANG_ANALYZER_NONNULL = YES;
				CLANG_ANALYZER_NUMBER_OBJECT_CONVERSION = YES_AGGRESSIVE;
				CLANG_CXX_LANGUAGE_STANDARD = "gnu++20";
				CLANG_ENABLE_MODULES = YES;
				CLANG_ENABLE_OBJC_ARC = YES;
				CLANG_ENABLE_OBJC_WEAK = YES;
				CLANG_WARN_BLOCK_CAPTURE_AUTORELEASING = YES;
				CLANG_WARN_BOOL_CONVERSION = YES;
				CLANG_WARN_COMMA = YES;
				CLANG_WARN_CONSTANT_CONVERSION = YES;
				CLANG_WARN_DEPRECATED_OBJC_IMPLEMENTATIONS = YES;
				CLANG_WARN_DIRECT_OBJC_ISA_USAGE = YES_ERROR;
				CLANG_WARN_DOCUMENTATION_COMMENTS = YES;
				CLANG_WARN_EMPTY_BODY = YES;
				CLANG_WARN_ENUM_CONVERSION = YES;
				CLANG_WARN_INFINITE_RECURSION = YES;
				CLANG_WARN_INT_CONVERSION = YES;
				CLANG_WARN_NON_LITERAL_NULL_CONVERSION = YES;
				CLANG_WARN_OBJC_IMPLICIT_RETAIN_SELF = YES;
				CLANG_WARN_OBJC_LITERAL_CONVERSION = YES;
				CLANG_WARN_OBJC_ROOT_CLASS = YES_ERROR;
				CLANG_WARN_QUOTED_INCLUDE_IN_FRAMEWORK_HEADER = YES;
				CLANG_WARN_RANGE_LOOP_ANALYSIS = YES;
				CLANG_WARN_STRICT_PROTOTYPES = YES;
				CLANG_WARN_SUSPICIOUS_MOVE = YES;
				CLANG_WARN_UNGUARDED_AVAILABILITY = YES_AGGRESSIVE;
				CLANG_WARN_UNREACHABLE_CODE = YES;
				CLANG_WARN__DUPLICATE_METHOD_MATCH = YES;
				COPY_PHASE_STRIP = NO;
				DEBUG_INFORMATION_FORMAT = "dwarf-with-dsym";
				ENABLE_NS_ASSERTIONS = NO;
				ENABLE_STRICT_OBJC_MSGSEND = YES;
				ENABLE_USER_SCRIPT_SANDBOXING = YES;
				GCC_C_LANGUAGE_STANDARD = gnu17;
				GCC_NO_COMMON_BLOCKS = YES;
				GCC_WARN_64_TO_32_BIT_CONVERSION = YES;
				GCC_WARN_ABOUT_RETURN_TYPE = YES_ERROR;
				GCC_WARN_UNDECLARED_SELECTOR = YES;
				GCC_WARN_UNINITIALIZED_AUTOS = YES_AGGRESSIVE;
				GCC_WARN_UNUSED_FUNCTION = YES;
				GCC_WARN_UNUSED_VARIABLE = YES;
				IPHONEOS_DEPLOYMENT_TARGET = 17.4;
				LOCALIZATION_PREFERS_STRING_CATALOGS = YES;
				MTL_ENABLE_DEBUG_INFO = NO;
				MTL_FAST_MATH = YES;
				SDKROOT = iphoneos;
				SWIFT_COMPILATION_MODE = wholemodule;
				VALIDATE_PRODUCT = YES;
			};
			name = Release;
		};
		182F014A2C074D9C00B4F363 /* Debug */ = {
			isa = XCBuildConfiguration;
			buildSettings = {
				ASSETCATALOG_COMPILER_APPICON_NAME = AppIcon;
				ASSETCATALOG_COMPILER_GLOBAL_ACCENT_COLOR_NAME = AccentColor;
				CODE_SIGN_STYLE = Automatic;
				CURRENT_PROJECT_VERSION = 1;
				DEVELOPMENT_TEAM = 2JE5HX2474;
				GENERATE_INFOPLIST_FILE = YES;
				INFOPLIST_FILE = PRReviewGAI/Info.plist;
				INFOPLIST_KEY_UIApplicationSupportsIndirectInputEvents = YES;
				INFOPLIST_KEY_UILaunchStoryboardName = LaunchScreen;
				INFOPLIST_KEY_UIMainStoryboardFile = Main;
				INFOPLIST_KEY_UISupportedInterfaceOrientations_iPad = "UIInterfaceOrientationPortrait UIInterfaceOrientationPortraitUpsideDown UIInterfaceOrientationLandscapeLeft UIInterfaceOrientationLandscapeRight";
				INFOPLIST_KEY_UISupportedInterfaceOrientations_iPhone = "UIInterfaceOrientationPortrait UIInterfaceOrientationLandscapeLeft UIInterfaceOrientationLandscapeRight";
				LD_RUNPATH_SEARCH_PATHS = (
					"$(inherited)",
					"@executable_path/Frameworks",
				);
				MARKETING_VERSION = 1.0;
				PRODUCT_BUNDLE_IDENTIFIER = com.brssgn.PRReviewGAI;
				PRODUCT_NAME = "$(TARGET_NAME)";
				SWIFT_EMIT_LOC_STRINGS = YES;
				SWIFT_VERSION = 5.0;
				TARGETED_DEVICE_FAMILY = "1,2";
			};
			name = Debug;
		};
		182F014B2C074D9C00B4F363 /* Release */ = {
			isa = XCBuildConfiguration;
			buildSettings = {
				ASSETCATALOG_COMPILER_APPICON_NAME = AppIcon;
				ASSETCATALOG_COMPILER_GLOBAL_ACCENT_COLOR_NAME = AccentColor;
				CODE_SIGN_STYLE = Automatic;
				CURRENT_PROJECT_VERSION = 1;
				DEVELOPMENT_TEAM = 2JE5HX2474;
				GENERATE_INFOPLIST_FILE = YES;
				INFOPLIST_FILE = PRReviewGAI/Info.plist;
				INFOPLIST_KEY_UIApplicationSupportsIndirectInputEvents = YES;
				INFOPLIST_KEY_UILaunchStoryboardName = LaunchScreen;
				INFOPLIST_KEY_UIMainStoryboardFile = Main;
				INFOPLIST_KEY_UISupportedInterfaceOrientations_iPad = "UIInterfaceOrientationPortrait UIInterfaceOrientationPortraitUpsideDown UIInterfaceOrientationLandscapeLeft UIInterfaceOrientationLandscapeRight";
				INFOPLIST_KEY_UISupportedInterfaceOrientations_iPhone = "UIInterfaceOrientationPortrait UIInterfaceOrientationLandscapeLeft UIInterfaceOrientationLandscapeRight";
				LD_RUNPATH_SEARCH_PATHS = (
					"$(inherited)",
					"@executable_path/Frameworks",
				);
				MARKETING_VERSION = 1.0;
				PRODUCT_BUNDLE_IDENTIFIER = com.brssgn.PRReviewGAI;
				PRODUCT_NAME = "$(TARGET_NAME)";
				SWIFT_EMIT_LOC_STRINGS = YES;
				SWIFT_VERSION = 5.0;
				TARGETED_DEVICE_FAMILY = "1,2";
			};
			name = Release;
		};
/* End XCBuildConfiguration section */

/* Begin XCConfigurationList section */
		182F01302C074D9B00B4F363 /* Build configuration list for PBXProject "PRReviewGAI" */ = {
			isa = XCConfigurationList;
			buildConfigurations = (
				182F01472C074D9C00B4F363 /* Debug */,
				182F01482C074D9C00B4F363 /* Release */,
			);
			defaultConfigurationIsVisible = 0;
			defaultConfigurationName = Release;
		};
		182F01492C074D9C00B4F363 /* Build configuration list for PBXNativeTarget "PRReviewGAI" */ = {
			isa = XCConfigurationList;
			buildConfigurations = (
				182F014A2C074D9C00B4F363 /* Debug */,
				182F014B2C074D9C00B4F363 /* Release */,
			);
			defaultConfigurationIsVisible = 0;
			defaultConfigurationName = Release;
		};
/* End XCConfigurationList section */
	};
	rootObject = 182F012D2C074D9B00B4F363 /* Project object */;
}
